
Microsoft Visual Studio Solution File, Format Version 12.00
# Visual Studio Version 16
VisualStudioVersion = 16.0.31515.178
MinimumVisualStudioVersion = 10.0.40219.1
Project("{FAE04EC0-301F-11D3-BF4B-00C04F79EFBC}") = "Workaround", "Workaround\Workaround.csproj", "{038BCB21-1A6C-4C9A-B552-555643AC59ED}"
EndProject
Project("{FAE04EC0-301F-11D3-BF4B-00C04F79EFBC}") = "Entities", "Entities\Entities.csproj", "{F1D575FE-2779-4763-8D8A-151668F6CE24}"
EndProject
Project("{FAE04EC0-301F-11D3-BF4B-00C04F79EFBC}") = "Business", "Business\Business.csproj", "{E8171DF7-DED0-484C-B28A-9368860BFACD}"
EndProject
Global
	GlobalSection(SolutionConfigurationPlatforms) = preSolution
		Debug|Any CPU = Debug|Any CPU
		Release|Any CPU = Release|Any CPU
	EndGlobalSection
	GlobalSection(ProjectConfigurationPlatforms) = postSolution
		{038BCB21-1A6C-4C9A-B552-555643AC59ED}.Debug|Any CPU.ActiveCfg = Debug|Any CPU
		{038BCB21-1A6C-4C9A-B552-555643AC59ED}.Debug|Any CPU.Build.0 = Debug|Any CPU
		{038BCB21-1A6C-4C9A-B552-555643AC59ED}.Release|Any CPU.ActiveCfg = Release|Any CPU
		{038BCB21-1A6C-4C9A-B552-555643AC59ED}.Release|Any CPU.Build.0 = Release|Any CPU
		{F1D575FE-2779-4763-8D8A-151668F6CE24}.Debug|Any CPU.ActiveCfg = Debug|Any CPU
		{F1D575FE-2779-4763-8D8A-151668F6CE24}.Debug|Any CPU.Build.0 = Debug|Any CPU
		{F1D575FE-2779-4763-8D8A-151668F6CE24}.Release|Any CPU.ActiveCfg = Release|Any CPU
		{F1D575FE-2779-4763-8D8A-151668F6CE24}.Release|Any CPU.Build.0 = Release|Any CPU
		{E8171DF7-DED0-484C-B28A-9368860BFACD}.Debug|Any CPU.ActiveCfg = Debug|Any CPU
		{E8171DF7-DED0-484C-B28A-9368860BFACD}.Debug|Any CPU.Build.0 = Debug|Any CPU
		{E8171DF7-DED0-484C-B28A-9368860BFACD}.Release|Any CPU.ActiveCfg = Release|Any CPU
		{E8171DF7-DED0-484C-B28A-9368860BFACD}.Release|Any CPU.Build.0 = Release|Any CPU
	EndGlobalSection
	GlobalSection(SolutionProperties) = preSolution
		HideSolutionNode = FALSE
	EndGlobalSection
	GlobalSection(ExtensibilityGlobals) = postSolution
		SolutionGuid = {6A02D41D-6A7D-4281-B814-90B5591CF07E}
	EndGlobalSection
EndGlobal
